
Microsoft Visual Studio Solution File, Format Version 12.00
# Visual Studio Version 17
VisualStudioVersion = 17.10.35004.147
MinimumVisualStudioVersion = 10.0.40219.1
Project("{FAE04EC0-301F-11D3-BF4B-00C04F79EFBC}") = "CSharp_GiaTienDien", "CSharp_GiaTienDien.csproj", "{D089A41E-2B4F-4E30-8C71-E0582A600B6F}"
EndProject
Global
	GlobalSection(SolutionConfigurationPlatforms) = preSolution
		Debug|Any CPU = Debug|Any CPU
		Release|Any CPU = Release|Any CPU
	EndGlobalSection
	GlobalSection(ProjectConfigurationPlatforms) = postSolution
		{D089A41E-2B4F-4E30-8C71-E0582A600B6F}.Debug|Any CPU.ActiveCfg = Debug|Any CPU
		{D089A41E-2B4F-4E30-8C71-E0582A600B6F}.Debug|Any CPU.Build.0 = Debug|Any CPU
		{D089A41E-2B4F-4E30-8C71-E0582A600B6F}.Release|Any CPU.ActiveCfg = Release|Any CPU
		{D089A41E-2B4F-4E30-8C71-E0582A600B6F}.Release|Any CPU.Build.0 = Release|Any CPU
	EndGlobalSection
	GlobalSection(SolutionProperties) = preSolution
		HideSolutionNode = FALSE
	EndGlobalSection
	GlobalSection(ExtensibilityGlobals) = postSolution
		SolutionGuid = {1D0F17FB-9F26-4F2C-A4CD-231A91FCB73C}
	EndGlobalSection
EndGlobal
